# generated by rye
# use `rye lock` or `rye sync` to update this lockfile
#
# last locked with the following flags:
#   pre: false
#   features: []
#   all-features: false
#   with-sources: false
#   generate-hashes: false

-e file:.
anyio==4.4.0
    # via starlette
asgiref==3.8.1
    # via opentelemetry-instrumentation-asgi
certifi==2024.6.2
    # via requests
charset-normalizer==3.3.2
    # via requests
click==8.1.7
    # via uvicorn
deprecated==1.2.14
    # via opentelemetry-api
    # via opentelemetry-exporter-otlp-proto-http
executing==2.0.1
    # via logfire
googleapis-common-protos==1.63.0
    # via opentelemetry-exporter-otlp-proto-http
h11==0.14.0
    # via uvicorn
idna==3.7
    # via anyio
    # via requests
importlib-metadata==7.1.0
    # via opentelemetry-api
logfire @ file:///home/user/code/starlette-test/../logfire/dist/logfire-0.35.0-py2.py3-none-any.whl
    # via starlette-test
markdown-it-py==3.0.0
    # via rich
mdurl==0.1.2
    # via markdown-it-py
opentelemetry-api==1.25.0
    # via opentelemetry-exporter-otlp-proto-http
    # via opentelemetry-instrumentation
    # via opentelemetry-instrumentation-asgi
    # via opentelemetry-instrumentation-starlette
    # via opentelemetry-sdk
    # via opentelemetry-semantic-conventions
opentelemetry-exporter-otlp-proto-common==1.25.0
    # via opentelemetry-exporter-otlp-proto-http
opentelemetry-exporter-otlp-proto-http==1.25.0
    # via logfire
opentelemetry-instrumentation==0.46b0
    # via logfire
    # via opentelemetry-instrumentation-asgi
    # via opentelemetry-instrumentation-starlette
opentelemetry-instrumentation-asgi==0.46b0
    # via opentelemetry-instrumentation-starlette
opentelemetry-instrumentation-starlette==0.46b0
    # via logfire
opentelemetry-proto==1.25.0
    # via opentelemetry-exporter-otlp-proto-common
    # via opentelemetry-exporter-otlp-proto-http
opentelemetry-sdk==1.25.0
    # via logfire
    # via opentelemetry-exporter-otlp-proto-http
opentelemetry-semantic-conventions==0.46b0
    # via opentelemetry-instrumentation-asgi
    # via opentelemetry-instrumentation-starlette
    # via opentelemetry-sdk
opentelemetry-util-http==0.46b0
    # via opentelemetry-instrumentation-asgi
    # via opentelemetry-instrumentation-starlette
packaging==24.0
    # via pipdeptree
pip==24.0
    # via pipdeptree
pipdeptree==2.21.0
    # via starlette-test
protobuf==4.25.3
    # via googleapis-common-protos
    # via logfire
    # via opentelemetry-proto
pygments==2.18.0
    # via rich
requests==2.32.3
    # via opentelemetry-exporter-otlp-proto-http
rich==13.7.1
    # via logfire
setuptools==70.0.0
    # via opentelemetry-instrumentation
sniffio==1.3.1
    # via anyio
starlette==0.37.2
    # via starlette-test
typing-extensions==4.12.1
    # via logfire
    # via opentelemetry-sdk
urllib3==2.2.1
    # via requests
uvicorn==0.30.1
    # via starlette-test
wrapt==1.16.0
    # via deprecated
    # via opentelemetry-instrumentation
zipp==3.19.1
    # via importlib-metadata
